
Microsoft Visual Studio Solution File, Format Version 11.00
# Visual C# Express 2010
Project("{FAE04EC0-301F-11D3-BF4B-00C04F79EFBC}") = "robocode.dotnet.nhost", "robocode.dotnet.nhost\src\robocode.dotnet.nhost.csproj", "{674AED55-B9EC-4C7D-8E0B-1B2481C578B2}"
EndProject
Project("{FAE04EC0-301F-11D3-BF4B-00C04F79EFBC}") = "robocode.dotnet.samples", "robocode.dotnet.samples\src\robocode.dotnet.samples.csproj", "{80857B97-6397-487B-A9F5-B07026DCBB66}"
EndProject
Project("{FAE04EC0-301F-11D3-BF4B-00C04F79EFBC}") = "robocode.dotnet.api", "robocode.dotnet.api\src\robocode.dotnet.api.csproj", "{7E0900D3-6E8F-48EB-86DB-AA767AA90B84}"
EndProject
Project("{FAE04EC0-301F-11D3-BF4B-00C04F79EFBC}") = "robocode.dotnet.ntests", "robocode.dotnet.ntests\src\robocode.dotnet.ntests.csproj", "{B3487E2D-2737-4C04-AA71-B9A726B3F781}"
EndProject
Project("{FAE04EC0-301F-11D3-BF4B-00C04F79EFBC}") = "robocode.dotnet.robotscs", "robocode.dotnet.robotscs\src\robocode.dotnet.robotscs.csproj", "{B3487E2D-2737-4C04-AA71-B9A726B3F787}"
EndProject
Project("{FAE04EC0-301F-11D3-BF4B-00C04F79EFBC}") = "robocode.dotnet.control.api", "robocode.dotnet.control.api\src\robocode.dotnet.control.api.csproj", "{674AED55-B9EC-4C7D-8E0B-1B2471C578B2}"
EndProject
Global
	GlobalSection(SolutionConfigurationPlatforms) = preSolution
		Debug|Any CPU = Debug|Any CPU
		Release|Any CPU = Release|Any CPU
	EndGlobalSection
	GlobalSection(ProjectConfigurationPlatforms) = postSolution
		{674AED55-B9EC-4C7D-8E0B-1B2481C578B2}.Debug|Any CPU.ActiveCfg = Debug|Any CPU
		{674AED55-B9EC-4C7D-8E0B-1B2481C578B2}.Debug|Any CPU.Build.0 = Debug|Any CPU
		{674AED55-B9EC-4C7D-8E0B-1B2481C578B2}.Release|Any CPU.ActiveCfg = Release|Any CPU
		{674AED55-B9EC-4C7D-8E0B-1B2481C578B2}.Release|Any CPU.Build.0 = Release|Any CPU
		{80857B97-6397-487B-A9F5-B07026DCBB66}.Debug|Any CPU.ActiveCfg = Debug|Any CPU
		{80857B97-6397-487B-A9F5-B07026DCBB66}.Debug|Any CPU.Build.0 = Debug|Any CPU
		{80857B97-6397-487B-A9F5-B07026DCBB66}.Release|Any CPU.ActiveCfg = Release|Any CPU
		{80857B97-6397-487B-A9F5-B07026DCBB66}.Release|Any CPU.Build.0 = Release|Any CPU
		{7E0900D3-6E8F-48EB-86DB-AA767AA90B84}.Debug|Any CPU.ActiveCfg = Debug|Any CPU
		{7E0900D3-6E8F-48EB-86DB-AA767AA90B84}.Debug|Any CPU.Build.0 = Debug|Any CPU
		{7E0900D3-6E8F-48EB-86DB-AA767AA90B84}.Release|Any CPU.ActiveCfg = Release|Any CPU
		{7E0900D3-6E8F-48EB-86DB-AA767AA90B84}.Release|Any CPU.Build.0 = Release|Any CPU
		{B3487E2D-2737-4C04-AA71-B9A726B3F781}.Debug|Any CPU.ActiveCfg = Debug|Any CPU
		{B3487E2D-2737-4C04-AA71-B9A726B3F781}.Debug|Any CPU.Build.0 = Debug|Any CPU
		{B3487E2D-2737-4C04-AA71-B9A726B3F781}.Release|Any CPU.ActiveCfg = Release|Any CPU
		{B3487E2D-2737-4C04-AA71-B9A726B3F781}.Release|Any CPU.Build.0 = Release|Any CPU
		{B3487E2D-2737-4C04-AA71-B9A726B3F787}.Debug|Any CPU.ActiveCfg = Debug|Any CPU
		{B3487E2D-2737-4C04-AA71-B9A726B3F787}.Debug|Any CPU.Build.0 = Debug|Any CPU
		{B3487E2D-2737-4C04-AA71-B9A726B3F787}.Release|Any CPU.ActiveCfg = Release|Any CPU
		{B3487E2D-2737-4C04-AA71-B9A726B3F787}.Release|Any CPU.Build.0 = Release|Any CPU
		{674AED55-B9EC-4C7D-8E0B-1B2471C578B2}.Debug|Any CPU.ActiveCfg = Debug|Any CPU
		{674AED55-B9EC-4C7D-8E0B-1B2471C578B2}.Debug|Any CPU.Build.0 = Debug|Any CPU
		{674AED55-B9EC-4C7D-8E0B-1B2471C578B2}.Release|Any CPU.ActiveCfg = Release|Any CPU
		{674AED55-B9EC-4C7D-8E0B-1B2471C578B2}.Release|Any CPU.Build.0 = Release|Any CPU
	EndGlobalSection
	GlobalSection(SolutionProperties) = preSolution
		HideSolutionNode = FALSE
	EndGlobalSection
EndGlobal
